
Microsoft Visual Studio Solution File, Format Version 12.00
# Visual Studio Version 17
VisualStudioVersion = 17.4.33213.308
MinimumVisualStudioVersion = 10.0.40219.1
Project("{FAE04EC0-301F-11D3-BF4B-00C04F79EFBC}") = "Creating_Classes_Lab", "Creating_Classes_Lab.csproj", "{B476193B-0A45-4906-AAED-554CE5778D5E}"
EndProject
Global
	GlobalSection(SolutionConfigurationPlatforms) = preSolution
		Debug|Any CPU = Debug|Any CPU
		Release|Any CPU = Release|Any CPU
	EndGlobalSection
	GlobalSection(ProjectConfigurationPlatforms) = postSolution
		{B476193B-0A45-4906-AAED-554CE5778D5E}.Debug|Any CPU.ActiveCfg = Debug|Any CPU
		{B476193B-0A45-4906-AAED-554CE5778D5E}.Debug|Any CPU.Build.0 = Debug|Any CPU
		{B476193B-0A45-4906-AAED-554CE5778D5E}.Release|Any CPU.ActiveCfg = Release|Any CPU
		{B476193B-0A45-4906-AAED-554CE5778D5E}.Release|Any CPU.Build.0 = Release|Any CPU
	EndGlobalSection
	GlobalSection(SolutionProperties) = preSolution
		HideSolutionNode = FALSE
	EndGlobalSection
	GlobalSection(ExtensibilityGlobals) = postSolution
		SolutionGuid = {8600F6D4-BED6-4B06-AD39-FAEEBD8F5D20}
	EndGlobalSection
EndGlobal
